
Microsoft Visual Studio Solution File, Format Version 12.00
# Visual Studio 15
VisualStudioVersion = 15.0.28307.1062
MinimumVisualStudioVersion = 10.0.40219.1
Project("{FAE04EC0-301F-11D3-BF4B-00C04F79EFBC}") = "example", "example\example.csproj", "{15C516DF-E1B1-454B-8D26-E290FD5AF466}"
EndProject
Global
	GlobalSection(SolutionConfigurationPlatforms) = preSolution
		Debug|Any CPU = Debug|Any CPU
		Release|Any CPU = Release|Any CPU
	EndGlobalSection
	GlobalSection(ProjectConfigurationPlatforms) = postSolution
		{15C516DF-E1B1-454B-8D26-E290FD5AF466}.Debug|Any CPU.ActiveCfg = Debug|Any CPU
		{15C516DF-E1B1-454B-8D26-E290FD5AF466}.Debug|Any CPU.Build.0 = Debug|Any CPU
		{15C516DF-E1B1-454B-8D26-E290FD5AF466}.Release|Any CPU.ActiveCfg = Release|Any CPU
		{15C516DF-E1B1-454B-8D26-E290FD5AF466}.Release|Any CPU.Build.0 = Release|Any CPU
	EndGlobalSection
	GlobalSection(SolutionProperties) = preSolution
		HideSolutionNode = FALSE
	EndGlobalSection
	GlobalSection(ExtensibilityGlobals) = postSolution
		SolutionGuid = {BA1E7D88-C5F4-4A10-9CBB-801B6444534D}
	EndGlobalSection
EndGlobal
